
Microsoft Visual Studio Solution File, Format Version 12.00
# Visual Studio Version 16
VisualStudioVersion = 16.0.35706.149
MinimumVisualStudioVersion = 10.0.40219.1
Project("{FAE04EC0-301F-11D3-BF4B-00C04F79EFBC}") = "Codino_BOT_Telegram", "Codino_BOT_Telegram\Codino_BOT_Telegram.csproj", "{2D0F5E9A-6DEB-43CC-AEE2-3BA78C11060E}"
EndProject
Global
	GlobalSection(SolutionConfigurationPlatforms) = preSolution
		Debug|Any CPU = Debug|Any CPU
		Release|Any CPU = Release|Any CPU
	EndGlobalSection
	GlobalSection(ProjectConfigurationPlatforms) = postSolution
		{2D0F5E9A-6DEB-43CC-AEE2-3BA78C11060E}.Debug|Any CPU.ActiveCfg = Debug|Any CPU
		{2D0F5E9A-6DEB-43CC-AEE2-3BA78C11060E}.Debug|Any CPU.Build.0 = Debug|Any CPU
		{2D0F5E9A-6DEB-43CC-AEE2-3BA78C11060E}.Release|Any CPU.ActiveCfg = Release|Any CPU
		{2D0F5E9A-6DEB-43CC-AEE2-3BA78C11060E}.Release|Any CPU.Build.0 = Release|Any CPU
	EndGlobalSection
	GlobalSection(SolutionProperties) = preSolution
		HideSolutionNode = FALSE
	EndGlobalSection
	GlobalSection(ExtensibilityGlobals) = postSolution
		SolutionGuid = {C6BFFF4F-C834-44BA-BFC9-2F33F6954FB5}
	EndGlobalSection
EndGlobal
